
Microsoft Visual Studio Solution File, Format Version 12.00
# Visual Studio Version 17
VisualStudioVersion = 17.3.32922.545
MinimumVisualStudioVersion = 10.0.40219.1
Project("{FAE04EC0-301F-11D3-BF4B-00C04F79EFBC}") = "YachtWorld", "YachtWorld\YachtWorld.csproj", "{31F9302A-20E1-4D18-B97E-8CC1F4402355}"
EndProject
Global
	GlobalSection(SolutionConfigurationPlatforms) = preSolution
		Debug|Any CPU = Debug|Any CPU
		Release|Any CPU = Release|Any CPU
	EndGlobalSection
	GlobalSection(ProjectConfigurationPlatforms) = postSolution
		{31F9302A-20E1-4D18-B97E-8CC1F4402355}.Debug|Any CPU.ActiveCfg = Debug|Any CPU
		{31F9302A-20E1-4D18-B97E-8CC1F4402355}.Debug|Any CPU.Build.0 = Debug|Any CPU
		{31F9302A-20E1-4D18-B97E-8CC1F4402355}.Release|Any CPU.ActiveCfg = Release|Any CPU
		{31F9302A-20E1-4D18-B97E-8CC1F4402355}.Release|Any CPU.Build.0 = Release|Any CPU
	EndGlobalSection
	GlobalSection(SolutionProperties) = preSolution
		HideSolutionNode = FALSE
	EndGlobalSection
	GlobalSection(ExtensibilityGlobals) = postSolution
		SolutionGuid = {C8A8062D-44DA-434D-B761-5258E304E79D}
	EndGlobalSection
EndGlobal
